{
    "version": 3,
    "terraform_version": "0.10.6",
    "serial": 13,
    "lineage": "e8e50d90-4ad5-465d-8554-7de356925ed5",
    "modules": [
        {
            "path": [
                "root"
            ],
            "outputs": {},
            "resources": {
                "aws_autoscaling_group.ecs_instance_asg": {
                    "type": "aws_autoscaling_group",
                    "depends_on": [
                        "aws_launch_configuration.ec2_ecs_lc",
                        "aws_subnet.ecs_subnet.*"
                    ],
                    "primary": {
                        "id": "tf-asg-20171001100856261400000001",
                        "attributes": {
                            "arn": "arn:aws:autoscaling:ap-southeast-1:808510826174:autoScalingGroup:3642a65c-e8c2-4cd9-a17c-b4bb3d0a853d:autoScalingGroupName/tf-asg-20171001100856261400000001",
                            "availability_zones.#": "2",
                            "availability_zones.160404431": "ap-southeast-1b",
                            "availability_zones.2424750709": "ap-southeast-1a",
                            "default_cooldown": "300",
                            "desired_capacity": "2",
                            "force_delete": "false",
                            "health_check_grace_period": "300",
                            "health_check_type": "EC2",
                            "id": "tf-asg-20171001100856261400000001",
                            "launch_configuration": "terraform-20171001101803819500000001",
                            "load_balancers.#": "0",
                            "max_size": "2",
                            "metrics_granularity": "1Minute",
                            "min_size": "2",
                            "name": "tf-asg-20171001100856261400000001",
                            "placement_group": "",
                            "protect_from_scale_in": "false",
                            "suspended_processes.#": "0",
                            "tag.#": "1",
                            "tag.973327040.key": "Project",
                            "tag.973327040.propagate_at_launch": "true",
                            "tag.973327040.value": "ecs-demo",
                            "target_group_arns.#": "0",
                            "termination_policies.#": "0",
                            "vpc_zone_identifier.#": "2",
                            "vpc_zone_identifier.1252074224": "subnet-c017c7a7",
                            "vpc_zone_identifier.1808265282": "subnet-cd4e8984",
                            "wait_for_capacity_timeout": "10m"
                        },
                        "meta": {
                            "e2bfb730-ecaa-11e6-8f88-34363bc7c4c0": {
                                "delete": 600000000000
                            }
                        },
                        "tainted": false
                    },
                    "deposed": [],
                    "provider": ""
                },
                "aws_ecs_cluster.ecs_cluster": {
                    "type": "aws_ecs_cluster",
                    "depends_on": [],
                    "primary": {
                        "id": "arn:aws:ecs:ap-southeast-1:808510826174:cluster/ecs-demo",
                        "attributes": {
                            "id": "arn:aws:ecs:ap-southeast-1:808510826174:cluster/ecs-demo",
                            "name": "ecs-demo"
                        },
                        "meta": {},
                        "tainted": false
                    },
                    "deposed": [],
                    "provider": ""
                },
                "aws_iam_instance_profile.ec2_ecs_instance_profile": {
                    "type": "aws_iam_instance_profile",
                    "depends_on": [
                        "aws_iam_role.ec2_ecs_role"
                    ],
                    "primary": {
                        "id": "ec2_ecs_instance_profile",
                        "attributes": {
                            "arn": "arn:aws:iam::808510826174:instance-profile/ec2_ecs_instance_profile",
                            "id": "ec2_ecs_instance_profile",
                            "name": "ec2_ecs_instance_profile",
                            "path": "/",
                            "role": "ecs_demo_ec2_ecs_role",
                            "roles.#": "1",
                            "roles.1153125340": "ecs_demo_ec2_ecs_role",
                            "unique_id": "AIPAIH5W7RF4RKPFL5GUG"
                        },
                        "meta": {},
                        "tainted": false
                    },
                    "deposed": [],
                    "provider": ""
                },
                "aws_iam_policy_attachment.attach_ecs_policy_to_ec2_role": {
                    "type": "aws_iam_policy_attachment",
                    "depends_on": [
                        "aws_iam_role.ec2_ecs_role"
                    ],
                    "primary": {
                        "id": "attach_ecs_policy_to_ec2_role",
                        "attributes": {
                            "groups.#": "0",
                            "id": "attach_ecs_policy_to_ec2_role",
                            "name": "attach_ecs_policy_to_ec2_role",
                            "policy_arn": "arn:aws:iam::aws:policy/service-role/AmazonEC2ContainerServiceforEC2Role",
                            "roles.#": "1",
                            "roles.1153125340": "ecs_demo_ec2_ecs_role",
                            "users.#": "0"
                        },
                        "meta": {},
                        "tainted": false
                    },
                    "deposed": [],
                    "provider": ""
                },
                "aws_iam_policy_attachment.attach_ecs_service_policy": {
                    "type": "aws_iam_policy_attachment",
                    "depends_on": [
                        "aws_iam_role.ecs_service_role"
                    ],
                    "primary": {
                        "id": "attach_ecs_service_policy",
                        "attributes": {
                            "groups.#": "0",
                            "id": "attach_ecs_service_policy",
                            "name": "attach_ecs_service_policy",
                            "policy_arn": "arn:aws:iam::aws:policy/service-role/AmazonEC2ContainerServiceRole",
                            "roles.#": "1",
                            "roles.234709352": "ecs_demo_ecs_service_role",
                            "users.#": "0"
                        },
                        "meta": {},
                        "tainted": false
                    },
                    "deposed": [],
                    "provider": ""
                },
                "aws_iam_role.ec2_ecs_role": {
                    "type": "aws_iam_role",
                    "depends_on": [],
                    "primary": {
                        "id": "ecs_demo_ec2_ecs_role",
                        "attributes": {
                            "arn": "arn:aws:iam::808510826174:role/ecs_demo_ec2_ecs_role",
                            "assume_role_policy": "{\"Version\":\"2008-10-17\",\"Statement\":[{\"Sid\":\"\",\"Effect\":\"Allow\",\"Principal\":{\"Service\":\"ec2.amazonaws.com\"},\"Action\":\"sts:AssumeRole\"}]}",
                            "create_date": "2017-10-01T09:42:47Z",
                            "force_detach_policies": "false",
                            "id": "ecs_demo_ec2_ecs_role",
                            "name": "ecs_demo_ec2_ecs_role",
                            "path": "/",
                            "unique_id": "AROAJONJ6VOJW4H7U2QWS"
                        },
                        "meta": {},
                        "tainted": false
                    },
                    "deposed": [],
                    "provider": ""
                },
                "aws_iam_role.ecs_service_role": {
                    "type": "aws_iam_role",
                    "depends_on": [],
                    "primary": {
                        "id": "ecs_demo_ecs_service_role",
                        "attributes": {
                            "arn": "arn:aws:iam::808510826174:role/ecs_demo_ecs_service_role",
                            "assume_role_policy": "{\"Version\":\"2008-10-17\",\"Statement\":[{\"Sid\":\"\",\"Effect\":\"Allow\",\"Principal\":{\"Service\":\"ecs.amazonaws.com\"},\"Action\":\"sts:AssumeRole\"}]}",
                            "create_date": "2017-10-01T09:42:47Z",
                            "force_detach_policies": "false",
                            "id": "ecs_demo_ecs_service_role",
                            "name": "ecs_demo_ecs_service_role",
                            "path": "/",
                            "unique_id": "AROAI2SHTKKO75M75DRJC"
                        },
                        "meta": {},
                        "tainted": false
                    },
                    "deposed": [],
                    "provider": ""
                },
                "aws_internet_gateway.vpc_igw": {
                    "type": "aws_internet_gateway",
                    "depends_on": [
                        "aws_vpc.ecs_vpc"
                    ],
                    "primary": {
                        "id": "igw-f2a46296",
                        "attributes": {
                            "id": "igw-f2a46296",
                            "tags.%": "1",
                            "tags.Project": "ecs-demo",
                            "vpc_id": "vpc-5dc5c639"
                        },
                        "meta": {},
                        "tainted": false
                    },
                    "deposed": [],
                    "provider": ""
                },
                "aws_launch_configuration.ec2_ecs_lc": {
                    "type": "aws_launch_configuration",
                    "depends_on": [],
                    "primary": {
                        "id": "terraform-20171001101803819500000001",
                        "attributes": {
                            "associate_public_ip_address": "true",
                            "ebs_block_device.#": "0",
                            "ebs_optimized": "false",
                            "enable_monitoring": "true",
                            "ephemeral_block_device.#": "0",
                            "iam_instance_profile": "ec2_ecs_instance_profile",
                            "id": "terraform-20171001101803819500000001",
                            "image_id": "ami-9d1f7efe",
                            "instance_type": "t2.micro",
                            "key_name": "sg",
                            "name": "terraform-20171001101803819500000001",
                            "root_block_device.#": "0",
                            "security_groups.#": "2",
                            "security_groups.29665196": "sg-a257ecc4",
                            "security_groups.422465110": "sg-4c56ed2a",
                            "spot_price": "",
                            "user_data": "259f393547f0be7dbcd04253546f0ee0f8c19555",
                            "vpc_classic_link_id": "",
                            "vpc_classic_link_security_groups.#": "0"
                        },
                        "meta": {},
                        "tainted": false
                    },
                    "deposed": [],
                    "provider": ""
                },
                "aws_route_table.main_route_table": {
                    "type": "aws_route_table",
                    "depends_on": [
                        "aws_internet_gateway.vpc_igw",
                        "aws_vpc.ecs_vpc"
                    ],
                    "primary": {
                        "id": "rtb-fb30989c",
                        "attributes": {
                            "id": "rtb-fb30989c",
                            "propagating_vgws.#": "0",
                            "route.#": "1",
                            "route.2524209885.cidr_block": "0.0.0.0/0",
                            "route.2524209885.egress_only_gateway_id": "",
                            "route.2524209885.gateway_id": "igw-f2a46296",
                            "route.2524209885.instance_id": "",
                            "route.2524209885.ipv6_cidr_block": "",
                            "route.2524209885.nat_gateway_id": "",
                            "route.2524209885.network_interface_id": "",
                            "route.2524209885.vpc_peering_connection_id": "",
                            "tags.%": "1",
                            "tags.Project": "ecs-demo",
                            "vpc_id": "vpc-5dc5c639"
                        },
                        "meta": {},
                        "tainted": false
                    },
                    "deposed": [],
                    "provider": ""
                },
                "aws_route_table_association.subnet_route_table.0": {
                    "type": "aws_route_table_association",
                    "depends_on": [
                        "aws_route_table.main_route_table",
                        "aws_subnet.ecs_subnet.*"
                    ],
                    "primary": {
                        "id": "rtbassoc-b83e36df",
                        "attributes": {
                            "id": "rtbassoc-b83e36df",
                            "route_table_id": "rtb-fb30989c",
                            "subnet_id": "subnet-cd4e8984"
                        },
                        "meta": {},
                        "tainted": false
                    },
                    "deposed": [],
                    "provider": ""
                },
                "aws_route_table_association.subnet_route_table.1": {
                    "type": "aws_route_table_association",
                    "depends_on": [
                        "aws_route_table.main_route_table",
                        "aws_subnet.ecs_subnet.*"
                    ],
                    "primary": {
                        "id": "rtbassoc-873e36e0",
                        "attributes": {
                            "id": "rtbassoc-873e36e0",
                            "route_table_id": "rtb-fb30989c",
                            "subnet_id": "subnet-c017c7a7"
                        },
                        "meta": {},
                        "tainted": false
                    },
                    "deposed": [],
                    "provider": ""
                },
                "aws_security_group.elb_sg": {
                    "type": "aws_security_group",
                    "depends_on": [
                        "aws_vpc.ecs_vpc"
                    ],
                    "primary": {
                        "id": "sg-7a57ec1c",
                        "attributes": {
                            "description": "Web traffic to ECS ELB",
                            "egress.#": "0",
                            "id": "sg-7a57ec1c",
                            "ingress.#": "2",
                            "ingress.2214680975.cidr_blocks.#": "1",
                            "ingress.2214680975.cidr_blocks.0": "0.0.0.0/0",
                            "ingress.2214680975.from_port": "80",
                            "ingress.2214680975.ipv6_cidr_blocks.#": "0",
                            "ingress.2214680975.protocol": "tcp",
                            "ingress.2214680975.security_groups.#": "0",
                            "ingress.2214680975.self": "false",
                            "ingress.2214680975.to_port": "80",
                            "ingress.2617001939.cidr_blocks.#": "1",
                            "ingress.2617001939.cidr_blocks.0": "0.0.0.0/0",
                            "ingress.2617001939.from_port": "443",
                            "ingress.2617001939.ipv6_cidr_blocks.#": "0",
                            "ingress.2617001939.protocol": "tcp",
                            "ingress.2617001939.security_groups.#": "0",
                            "ingress.2617001939.self": "false",
                            "ingress.2617001939.to_port": "443",
                            "name": "terraform-20171001091859395100000002",
                            "owner_id": "808510826174",
                            "tags.%": "2",
                            "tags.Name": "IncomingWeb",
                            "tags.Project": "ecs-demo",
                            "vpc_id": "vpc-5dc5c639"
                        },
                        "meta": {},
                        "tainted": false
                    },
                    "deposed": [],
                    "provider": ""
                },
                "aws_security_group.instance_sg": {
                    "type": "aws_security_group",
                    "depends_on": [
                        "aws_vpc.ecs_vpc"
                    ],
                    "primary": {
                        "id": "sg-a257ecc4",
                        "attributes": {
                            "description": "Traffic to ECS instances",
                            "egress.#": "0",
                            "id": "sg-a257ecc4",
                            "ingress.#": "1",
                            "ingress.2541437006.cidr_blocks.#": "1",
                            "ingress.2541437006.cidr_blocks.0": "0.0.0.0/0",
                            "ingress.2541437006.from_port": "22",
                            "ingress.2541437006.ipv6_cidr_blocks.#": "0",
                            "ingress.2541437006.protocol": "tcp",
                            "ingress.2541437006.security_groups.#": "0",
                            "ingress.2541437006.self": "false",
                            "ingress.2541437006.to_port": "22",
                            "name": "terraform-20171001091859386600000001",
                            "owner_id": "808510826174",
                            "tags.%": "2",
                            "tags.Name": "IncomingSSH",
                            "tags.Project": "ecs-demo",
                            "vpc_id": "vpc-5dc5c639"
                        },
                        "meta": {},
                        "tainted": false
                    },
                    "deposed": [],
                    "provider": ""
                },
                "aws_security_group.internal_traffic": {
                    "type": "aws_security_group",
                    "depends_on": [
                        "aws_vpc.ecs_vpc"
                    ],
                    "primary": {
                        "id": "sg-4c56ed2a",
                        "attributes": {
                            "description": "Allow traffic between instances",
                            "egress.#": "1",
                            "egress.482069346.cidr_blocks.#": "1",
                            "egress.482069346.cidr_blocks.0": "0.0.0.0/0",
                            "egress.482069346.from_port": "0",
                            "egress.482069346.ipv6_cidr_blocks.#": "0",
                            "egress.482069346.prefix_list_ids.#": "0",
                            "egress.482069346.protocol": "-1",
                            "egress.482069346.security_groups.#": "0",
                            "egress.482069346.self": "false",
                            "egress.482069346.to_port": "0",
                            "id": "sg-4c56ed2a",
                            "ingress.#": "1",
                            "ingress.753360330.cidr_blocks.#": "0",
                            "ingress.753360330.from_port": "0",
                            "ingress.753360330.ipv6_cidr_blocks.#": "0",
                            "ingress.753360330.protocol": "-1",
                            "ingress.753360330.security_groups.#": "0",
                            "ingress.753360330.self": "true",
                            "ingress.753360330.to_port": "0",
                            "name": "terraform-20171001091859413400000003",
                            "owner_id": "808510826174",
                            "tags.%": "2",
                            "tags.Name": "Internal",
                            "tags.Project": "ecs-demo",
                            "vpc_id": "vpc-5dc5c639"
                        },
                        "meta": {},
                        "tainted": false
                    },
                    "deposed": [],
                    "provider": ""
                },
                "aws_subnet.ecs_subnet.0": {
                    "type": "aws_subnet",
                    "depends_on": [
                        "aws_vpc.ecs_vpc"
                    ],
                    "primary": {
                        "id": "subnet-cd4e8984",
                        "attributes": {
                            "assign_ipv6_address_on_creation": "false",
                            "availability_zone": "ap-southeast-1a",
                            "cidr_block": "10.0.0.0/24",
                            "id": "subnet-cd4e8984",
                            "map_public_ip_on_launch": "false",
                            "tags.%": "1",
                            "tags.Project": "ecs-demo",
                            "vpc_id": "vpc-5dc5c639"
                        },
                        "meta": {
                            "schema_version": "1"
                        },
                        "tainted": false
                    },
                    "deposed": [],
                    "provider": ""
                },
                "aws_subnet.ecs_subnet.1": {
                    "type": "aws_subnet",
                    "depends_on": [
                        "aws_vpc.ecs_vpc"
                    ],
                    "primary": {
                        "id": "subnet-c017c7a7",
                        "attributes": {
                            "assign_ipv6_address_on_creation": "false",
                            "availability_zone": "ap-southeast-1b",
                            "cidr_block": "10.0.1.0/24",
                            "id": "subnet-c017c7a7",
                            "map_public_ip_on_launch": "false",
                            "tags.%": "1",
                            "tags.Project": "ecs-demo",
                            "vpc_id": "vpc-5dc5c639"
                        },
                        "meta": {
                            "schema_version": "1"
                        },
                        "tainted": false
                    },
                    "deposed": [],
                    "provider": ""
                },
                "aws_vpc.ecs_vpc": {
                    "type": "aws_vpc",
                    "depends_on": [],
                    "primary": {
                        "id": "vpc-5dc5c639",
                        "attributes": {
                            "assign_generated_ipv6_cidr_block": "false",
                            "cidr_block": "10.0.0.0/16",
                            "default_network_acl_id": "acl-8f27f5e8",
                            "default_route_table_id": "rtb-22309845",
                            "default_security_group_id": "sg-2d5de64b",
                            "dhcp_options_id": "dopt-6b92b00f",
                            "enable_classiclink": "false",
                            "enable_classiclink_dns_support": "false",
                            "enable_dns_hostnames": "false",
                            "enable_dns_support": "true",
                            "id": "vpc-5dc5c639",
                            "instance_tenancy": "default",
                            "main_route_table_id": "rtb-22309845",
                            "tags.%": "1",
                            "tags.Project": "ecs-demo"
                        },
                        "meta": {
                            "schema_version": "1"
                        },
                        "tainted": false
                    },
                    "deposed": [],
                    "provider": ""
                },
                "data.template_file.ec2_ecs_cloud_config": {
                    "type": "template_file",
                    "depends_on": [
                        "aws_ecs_cluster.ecs_cluster"
                    ],
                    "primary": {
                        "id": "ec93916f5cc7dc9a0ad3b127784f1f7291bd67853e2a26bf07ef22317f684d5c",
                        "attributes": {
                            "id": "ec93916f5cc7dc9a0ad3b127784f1f7291bd67853e2a26bf07ef22317f684d5c",
                            "rendered": "#cloud-config\nbootcmd:\n  - cloud-init-per instance $(echo \"ECS_CLUSTER=ecs-demo\" \u003e\u003e /etc/ecs/ecs.config)\n",
                            "template": "#cloud-config\nbootcmd:\n  - cloud-init-per instance $(echo \"ECS_CLUSTER=${cluster_name}\" \u003e\u003e /etc/ecs/ecs.config)\n",
                            "vars.%": "1",
                            "vars.cluster_name": "ecs-demo"
                        },
                        "meta": {},
                        "tainted": false
                    },
                    "deposed": [],
                    "provider": ""
                }
            },
            "depends_on": []
        }
    ]
}
